{
  "name": "my-blog",
  "version": "0.0.1",
  "lockfileVersion": 1,
  "requires": true,
  "dependencies": {
    "angular": {
      "version": "1.7.9",
      "resolved": "https://registry.npmjs.org/angular/-/angular-1.7.9.tgz",
      "integrity": "sha512-5se7ZpcOtu0MBFlzGv5dsM1quQDoDeUTwZrWjGtTNA7O88cD8TEk5IEKCTDa3uECV9XnvKREVUr7du1ACiWGFQ==",
      "dev": true
    },
    "gulp": {
      "version": "3.9.1",
      "resolved": "http://registry.npm.taobao.org/gulp/download/gulp-3.9.1.tgz",
      "integrity": "sha1-VxzkWSjdQK9lFPxAEYZgFsE4RbQ=",
      "dev": true
    },
    "gulp-autoprefixer": {
      "version": "4.0.0",
      "resolved": "http://registry.npm.taobao.org/gulp-autoprefixer/download/gulp-autoprefixer-4.0.0.tgz",
      "integrity": "sha1-4AqMVxuF0GUWrCY0G+kN/Z/B6rA=",
      "dev": true
    },
    "gulp-error": {
      "version": "0.1.4",
      "resolved": "http://registry.npm.taobao.org/gulp-error/download/gulp-error-0.1.4.tgz",
      "integrity": "sha1-v+jKx8S/71T4aeIdpbnHlADgEq4=",
      "dev": true
    },
    "gulp-help": {
      "version": "1.6.1",
      "resolved": "http://registry.npm.taobao.org/gulp-help/download/gulp-help-1.6.1.tgz",
      "integrity": "sha1-Jh2xhuGDl/7z9qLCLpwxW/qIrgw=",
      "dev": true
    },
    "gulp-minify-css": {
      "version": "1.2.4",
      "resolved": "http://registry.npm.taobao.org/gulp-minify-css/download/gulp-minify-css-1.2.4.tgz",
      "integrity": "sha1-thZJV2Auon+eWtiCJ2ld0gV3jAY=",
      "dev": true,
      "dependencies": {
        "isarray": {
          "version": "1.0.0",
          "resolved": "http://registry.npm.taobao.org/isarray/download/isarray-1.0.0.tgz",
          "integrity": "sha1-u5NdSFgsuhaMBoNJV6VKPgcSTxE="
        },
        "object-assign": {
          "version": "4.1.1",
          "resolved": "http://registry.npm.taobao.org/object-assign/download/object-assign-4.1.1.tgz",
          "integrity": "sha1-IQmtx5ZYh8/AXLvUQsrIv7s2CGM="
        },
        "readable-stream": {
          "version": "2.3.3",
          "resolved": "http://registry.npm.taobao.org/readable-stream/download/readable-stream-2.3.3.tgz",
          "integrity": "sha1-No8lEtefnUb9/HE0mueHi7weuVw="
        },
        "string_decoder": {
          "version": "1.0.3",
          "resolved": "http://registry.npm.taobao.org/string_decoder/download/string_decoder-1.0.3.tgz",
          "integrity": "sha1-D8Z9fBQYJd6UKC3VNr7GubzoYKs="
        }
      }
    },
    "gulp-sass": {
      "version": "3.1.0",
      "resolved": "http://registry.npm.taobao.org/gulp-sass/download/gulp-sass-3.1.0.tgz",
      "integrity": "sha1-U9xLaKH13f5EJKtMJHZVJpqLdLc=",
      "dev": true
    },
    "require-dir": {
      "version": "0.3.2",
      "resolved": "http://registry.npm.taobao.org/require-dir/download/require-dir-0.3.2.tgz",
      "integrity": "sha1-wdXHXp+//eny5rM+OD209ZS1pqk=",
      "dev": true
    }
  }
}
